id: seismic_lock
name: Seismic Lock
description: You deploy ground-hardening compounds that prevent burrowing. Creatures
  can't burrow into, through, or out of the affected area for the duration.
tradition: technical
level: 2
usage_type: prepared
action_cost: 2
range: zone
targets: zone
duration: minutes:1
save_type: toughness
save_dc: 15
resolution: save
effects:
  on_apply:
  - type: utility
    dc: 0
    description: You solidify the earth around you, hindering burrowing creatures.
      Creatures that can't burrow through stone can't burrow through the area. Such
      creatures already underground within the area must succe
